
Microsoft Visual Studio Solution File, Format Version 12.00
# Visual Studio Version 17
VisualStudioVersion = 17.8.34330.188
MinimumVisualStudioVersion = 10.0.40219.1
Project("{FAE04EC0-301F-11D3-BF4B-00C04F79EFBC}") = "DndCurrencyConverter", "DndCurrencyConverter\DndCurrencyConverter.csproj", "{197BE3CF-9AF1-4937-AF90-746A59A2819C}"
EndProject
Project("{2150E333-8FDC-42A3-9474-1A3956D46DE8}") = "Solution Items", "Solution Items", "{6214810F-5742-4013-91A2-352AD7FC9969}"
	ProjectSection(SolutionItems) = preProject
		.editorconfig = .editorconfig
		global.json = global.json
	EndProjectSection
EndProject
Global
	GlobalSection(SolutionConfigurationPlatforms) = preSolution
		Debug|Any CPU = Debug|Any CPU
		Release|Any CPU = Release|Any CPU
	EndGlobalSection
	GlobalSection(ProjectConfigurationPlatforms) = postSolution
		{197BE3CF-9AF1-4937-AF90-746A59A2819C}.Debug|Any CPU.ActiveCfg = Debug|Any CPU
		{197BE3CF-9AF1-4937-AF90-746A59A2819C}.Debug|Any CPU.Build.0 = Debug|Any CPU
		{197BE3CF-9AF1-4937-AF90-746A59A2819C}.Release|Any CPU.ActiveCfg = Release|Any CPU
		{197BE3CF-9AF1-4937-AF90-746A59A2819C}.Release|Any CPU.Build.0 = Release|Any CPU
	EndGlobalSection
	GlobalSection(SolutionProperties) = preSolution
		HideSolutionNode = FALSE
	EndGlobalSection
	GlobalSection(ExtensibilityGlobals) = postSolution
		SolutionGuid = {39AD9AB1-ED1A-48DE-98B4-553C99D49F8A}
	EndGlobalSection
EndGlobal
